
Microsoft Visual Studio Solution File, Format Version 12.00
# Visual Studio 14
VisualStudioVersion = 14.0.25420.1
MinimumVisualStudioVersion = 10.0.40219.1
Project("{FAE04EC0-301F-11D3-BF4B-00C04F79EFBC}") = "Flashback", "Flashback\Flashback.csproj", "{9078D034-30F3-4A87-9496-81C948C8E497}"
	ProjectSection(ProjectDependencies) = postProject
		{09390468-E0FD-4698-8F32-331BE306C9B8} = {09390468-E0FD-4698-8F32-331BE306C9B8}
		{6C71918B-7258-4591-97E4-D8FA192F19A6} = {6C71918B-7258-4591-97E4-D8FA192F19A6}
		{983C0E9B-7F13-48BA-B274-68C0348BF48B} = {983C0E9B-7F13-48BA-B274-68C0348BF48B}
	EndProjectSection
EndProject
Project("{FAE04EC0-301F-11D3-BF4B-00C04F79EFBC}") = "AudioEffects", "AudioEffects\AudioEffects.csproj", "{6C71918B-7258-4591-97E4-D8FA192F19A6}"
EndProject
Project("{FAE04EC0-301F-11D3-BF4B-00C04F79EFBC}") = "VideoEffects", "VideoEffects\VideoEffects.csproj", "{983C0E9B-7F13-48BA-B274-68C0348BF48B}"
EndProject
Project("{FAE04EC0-301F-11D3-BF4B-00C04F79EFBC}") = "Helpers", "Helpers\Helpers.csproj", "{09390468-E0FD-4698-8F32-331BE306C9B8}"
EndProject
Global
	GlobalSection(SolutionConfigurationPlatforms) = preSolution
		Debug|Any CPU = Debug|Any CPU
		Debug|ARM = Debug|ARM
		Debug|x64 = Debug|x64
		Debug|x86 = Debug|x86
		Release|Any CPU = Release|Any CPU
		Release|ARM = Release|ARM
		Release|x64 = Release|x64
		Release|x86 = Release|x86
	EndGlobalSection
	GlobalSection(ProjectConfigurationPlatforms) = postSolution
		{9078D034-30F3-4A87-9496-81C948C8E497}.Debug|Any CPU.ActiveCfg = Debug|x86
		{9078D034-30F3-4A87-9496-81C948C8E497}.Debug|ARM.ActiveCfg = Debug|ARM
		{9078D034-30F3-4A87-9496-81C948C8E497}.Debug|ARM.Build.0 = Debug|ARM
		{9078D034-30F3-4A87-9496-81C948C8E497}.Debug|ARM.Deploy.0 = Debug|ARM
		{9078D034-30F3-4A87-9496-81C948C8E497}.Debug|x64.ActiveCfg = Debug|x64
		{9078D034-30F3-4A87-9496-81C948C8E497}.Debug|x64.Build.0 = Debug|x64
		{9078D034-30F3-4A87-9496-81C948C8E497}.Debug|x64.Deploy.0 = Debug|x64
		{9078D034-30F3-4A87-9496-81C948C8E497}.Debug|x86.ActiveCfg = Debug|x86
		{9078D034-30F3-4A87-9496-81C948C8E497}.Debug|x86.Build.0 = Debug|x86
		{9078D034-30F3-4A87-9496-81C948C8E497}.Debug|x86.Deploy.0 = Debug|x86
		{9078D034-30F3-4A87-9496-81C948C8E497}.Release|Any CPU.ActiveCfg = Release|x86
		{9078D034-30F3-4A87-9496-81C948C8E497}.Release|ARM.ActiveCfg = Release|ARM
		{9078D034-30F3-4A87-9496-81C948C8E497}.Release|ARM.Build.0 = Release|ARM
		{9078D034-30F3-4A87-9496-81C948C8E497}.Release|ARM.Deploy.0 = Release|ARM
		{9078D034-30F3-4A87-9496-81C948C8E497}.Release|x64.ActiveCfg = Release|x64
		{9078D034-30F3-4A87-9496-81C948C8E497}.Release|x64.Build.0 = Release|x64
		{9078D034-30F3-4A87-9496-81C948C8E497}.Release|x64.Deploy.0 = Release|x64
		{9078D034-30F3-4A87-9496-81C948C8E497}.Release|x86.ActiveCfg = Release|x86
		{9078D034-30F3-4A87-9496-81C948C8E497}.Release|x86.Build.0 = Release|x86
		{9078D034-30F3-4A87-9496-81C948C8E497}.Release|x86.Deploy.0 = Release|x86
		{6C71918B-7258-4591-97E4-D8FA192F19A6}.Debug|Any CPU.ActiveCfg = Debug|Any CPU
		{6C71918B-7258-4591-97E4-D8FA192F19A6}.Debug|Any CPU.Build.0 = Debug|Any CPU
		{6C71918B-7258-4591-97E4-D8FA192F19A6}.Debug|ARM.ActiveCfg = Debug|Any CPU
		{6C71918B-7258-4591-97E4-D8FA192F19A6}.Debug|ARM.Build.0 = Debug|Any CPU
		{6C71918B-7258-4591-97E4-D8FA192F19A6}.Debug|x64.ActiveCfg = Debug|Any CPU
		{6C71918B-7258-4591-97E4-D8FA192F19A6}.Debug|x64.Build.0 = Debug|Any CPU
		{6C71918B-7258-4591-97E4-D8FA192F19A6}.Debug|x86.ActiveCfg = Debug|Any CPU
		{6C71918B-7258-4591-97E4-D8FA192F19A6}.Debug|x86.Build.0 = Debug|Any CPU
		{6C71918B-7258-4591-97E4-D8FA192F19A6}.Release|Any CPU.ActiveCfg = Release|Any CPU
		{6C71918B-7258-4591-97E4-D8FA192F19A6}.Release|Any CPU.Build.0 = Release|Any CPU
		{6C71918B-7258-4591-97E4-D8FA192F19A6}.Release|ARM.ActiveCfg = Release|Any CPU
		{6C71918B-7258-4591-97E4-D8FA192F19A6}.Release|ARM.Build.0 = Release|Any CPU
		{6C71918B-7258-4591-97E4-D8FA192F19A6}.Release|x64.ActiveCfg = Release|Any CPU
		{6C71918B-7258-4591-97E4-D8FA192F19A6}.Release|x64.Build.0 = Release|Any CPU
		{6C71918B-7258-4591-97E4-D8FA192F19A6}.Release|x86.ActiveCfg = Release|Any CPU
		{6C71918B-7258-4591-97E4-D8FA192F19A6}.Release|x86.Build.0 = Release|Any CPU
		{983C0E9B-7F13-48BA-B274-68C0348BF48B}.Debug|Any CPU.ActiveCfg = Debug|x86
		{983C0E9B-7F13-48BA-B274-68C0348BF48B}.Debug|ARM.ActiveCfg = Debug|ARM
		{983C0E9B-7F13-48BA-B274-68C0348BF48B}.Debug|ARM.Build.0 = Debug|ARM
		{983C0E9B-7F13-48BA-B274-68C0348BF48B}.Debug|x64.ActiveCfg = Debug|x64
		{983C0E9B-7F13-48BA-B274-68C0348BF48B}.Debug|x64.Build.0 = Debug|x64
		{983C0E9B-7F13-48BA-B274-68C0348BF48B}.Debug|x86.ActiveCfg = Debug|x86
		{983C0E9B-7F13-48BA-B274-68C0348BF48B}.Debug|x86.Build.0 = Debug|x86
		{983C0E9B-7F13-48BA-B274-68C0348BF48B}.Release|Any CPU.ActiveCfg = Release|x86
		{983C0E9B-7F13-48BA-B274-68C0348BF48B}.Release|ARM.ActiveCfg = Release|ARM
		{983C0E9B-7F13-48BA-B274-68C0348BF48B}.Release|ARM.Build.0 = Release|ARM
		{983C0E9B-7F13-48BA-B274-68C0348BF48B}.Release|x64.ActiveCfg = Release|x64
		{983C0E9B-7F13-48BA-B274-68C0348BF48B}.Release|x64.Build.0 = Release|x64
		{983C0E9B-7F13-48BA-B274-68C0348BF48B}.Release|x86.ActiveCfg = Release|x86
		{983C0E9B-7F13-48BA-B274-68C0348BF48B}.Release|x86.Build.0 = Release|x86
		{09390468-E0FD-4698-8F32-331BE306C9B8}.Debug|Any CPU.ActiveCfg = Debug|Any CPU
		{09390468-E0FD-4698-8F32-331BE306C9B8}.Debug|Any CPU.Build.0 = Debug|Any CPU
		{09390468-E0FD-4698-8F32-331BE306C9B8}.Debug|ARM.ActiveCfg = Debug|ARM
		{09390468-E0FD-4698-8F32-331BE306C9B8}.Debug|ARM.Build.0 = Debug|ARM
		{09390468-E0FD-4698-8F32-331BE306C9B8}.Debug|x64.ActiveCfg = Debug|x64
		{09390468-E0FD-4698-8F32-331BE306C9B8}.Debug|x64.Build.0 = Debug|x64
		{09390468-E0FD-4698-8F32-331BE306C9B8}.Debug|x86.ActiveCfg = Debug|x86
		{09390468-E0FD-4698-8F32-331BE306C9B8}.Debug|x86.Build.0 = Debug|x86
		{09390468-E0FD-4698-8F32-331BE306C9B8}.Release|Any CPU.ActiveCfg = Release|Any CPU
		{09390468-E0FD-4698-8F32-331BE306C9B8}.Release|Any CPU.Build.0 = Release|Any CPU
		{09390468-E0FD-4698-8F32-331BE306C9B8}.Release|ARM.ActiveCfg = Release|ARM
		{09390468-E0FD-4698-8F32-331BE306C9B8}.Release|ARM.Build.0 = Release|ARM
		{09390468-E0FD-4698-8F32-331BE306C9B8}.Release|x64.ActiveCfg = Release|x64
		{09390468-E0FD-4698-8F32-331BE306C9B8}.Release|x64.Build.0 = Release|x64
		{09390468-E0FD-4698-8F32-331BE306C9B8}.Release|x86.ActiveCfg = Release|x86
		{09390468-E0FD-4698-8F32-331BE306C9B8}.Release|x86.Build.0 = Release|x86
	EndGlobalSection
	GlobalSection(SolutionProperties) = preSolution
		HideSolutionNode = FALSE
	EndGlobalSection
EndGlobal
